<?xml version="1.0" encoding="utf-8"?>
<Project ToolsVersion="4.0" xmlns="http://schemas.microsoft.com/developer/msbuild/2003">
  <ItemGroup>
    <Filter Include="Source Files">
      <UniqueIdentifier>{4FC737F1-C7A5-4376-A066-2A32D752A2FF}</UniqueIdentifier>
      <Extensions>cpp;c;cc;cxx;c++;cppm;ixx;def;odl;idl;hpj;bat;asm;asmx</Extensions>
    </Filter>
    <Filter Include="Header Files">
      <UniqueIdentifier>{93995380-89BD-4b04-88EB-625FBE52EBFB}</UniqueIdentifier>
      <Extensions>h;hh;hpp;hxx;h++;hm;inl;inc;ipp;xsd</Extensions>
    </Filter>
    <Filter Include="Resource Files">
      <UniqueIdentifier>{67DA6AB6-F800-4c08-8B7A-83BB121AAD01}</UniqueIdentifier>
      <Extensions>rc;ico;cur;bmp;dlg;rc2;rct;bin;rgs;gif;jpg;jpeg;jpe;resx;tiff;tif;png;wav;mfcribbon-ms</Extensions>
    </Filter>
    <Filter Include="Source Files\src">
      <UniqueIdentifier>{c034bec2-a53f-4942-9a7f-268e9789a55b}</UniqueIdentifier>
    </Filter>
    <Filter Include="Source Files\src\interfaces">
      <UniqueIdentifier>{ccbdc085-35ec-4a41-905f-6ed0f2d7a7a6}</UniqueIdentifier>
    </Filter>
    <Filter Include="Source Files\src\ui">
      <UniqueIdentifier>{3963302b-608a-4674-8d0d-e0a5ef506bf9}</UniqueIdentifier>
    </Filter>
    <Filter Include="Source Files\src\events">
      <UniqueIdentifier>{4310a9ac-29cb-4ad0-9220-69ba51f21d76}</UniqueIdentifier>
    </Filter>
    <Filter Include="Source Files\src\characters">
      <UniqueIdentifier>{636d2947-ef51-46f1-8b0a-5e197b37a05e}</UniqueIdentifier>
    </Filter>
    <Filter Include="Source Files\src\rituals">
      <UniqueIdentifier>{378c901e-a1b2-4144-96d1-6312c2515acc}</UniqueIdentifier>
    </Filter>
    <Filter Include="Source Files\src\items">
      <UniqueIdentifier>{fa41b4bc-935c-499d-9492-c7ff6e93a8ff}</UniqueIdentifier>
    </Filter>
    <Filter Include="Source Files\src\quests">
      <UniqueIdentifier>{e4294ad2-e312-4633-a5b7-594e2f783616}</UniqueIdentifier>
    </Filter>
    <Filter Include="Source Files\src\world">
      <UniqueIdentifier>{67b6fcd5-e6c0-42b7-9238-128cc9103187}</UniqueIdentifier>
    </Filter>
    <Filter Include="Source Files\src\game">
      <UniqueIdentifier>{fbb015c3-689b-41c8-ba87-7cf11fb57fa5}</UniqueIdentifier>
    </Filter>
    <Filter Include="Source Files\tests">
      <UniqueIdentifier>{a8dc7f8a-4bbd-4435-8c68-85c6c538f828}</UniqueIdentifier>
    </Filter>
  </ItemGroup>
  <ItemGroup>
    <ClCompile Include="C:\Users\Мария\Downloads\main.cpp">
      <Filter>Source Files\src</Filter>
    </ClCompile>
    <ClCompile Include="C:\Users\Мария\Downloads\test_refactored.cpp">
      <Filter>Source Files\tests</Filter>
    </ClCompile>
  </ItemGroup>
  <ItemGroup>
    <ClInclude Include="C:\Users\Мария\Downloads\IUserInterface.h">
      <Filter>Source Files\src\interfaces</Filter>
    </ClInclude>
    <ClInclude Include="C:\Users\Мария\Downloads\IUsable.h">
      <Filter>Source Files\src\interfaces</Filter>
    </ClInclude>
    <ClInclude Include="C:\Users\Мария\Downloads\ConsoleUI.h">
      <Filter>Source Files\src\ui</Filter>
    </ClInclude>
    <ClInclude Include="C:\Users\Мария\Downloads\PlayerEventBus.h">
      <Filter>Source Files\src\events</Filter>
    </ClInclude>
    <ClInclude Include="C:\Users\Мария\Downloads\NPC.h">
      <Filter>Source Files\src\characters</Filter>
    </ClInclude>
    <ClInclude Include="C:\Users\Мария\Downloads\Player.h">
      <Filter>Source Files\src\characters</Filter>
    </ClInclude>
    <ClInclude Include="C:\Users\Мария\Downloads\Entity.h">
      <Filter>Source Files\src\characters</Filter>
    </ClInclude>
    <ClInclude Include="C:\Users\Мария\Downloads\Ritual.h">
      <Filter>Source Files\src\rituals</Filter>
    </ClInclude>
    <ClInclude Include="C:\Users\Мария\Downloads\Item.h">
      <Filter>Source Files\src\items</Filter>
    </ClInclude>
    <ClInclude Include="C:\Users\Мария\Downloads\IEnding.h">
      <Filter>Source Files\src\interfaces</Filter>
    </ClInclude>
    <ClInclude Include="C:\Users\Мария\Downloads\QuestManager.h">
      <Filter>Source Files\src\quests</Filter>
    </ClInclude>
    <ClInclude Include="C:\Users\Мария\Downloads\Quest.h">
      <Filter>Source Files\src\quests</Filter>
    </ClInclude>
    <ClInclude Include="C:\Users\Мария\Downloads\House.h">
      <Filter>Source Files\src\world</Filter>
    </ClInclude>
    <ClInclude Include="C:\Users\Мария\Downloads\Scene.h">
      <Filter>Source Files\src\world</Filter>
    </ClInclude>
    <ClInclude Include="C:\Users\Мария\Downloads\GameFacade.h">
      <Filter>Source Files\src\game</Filter>
    </ClInclude>
    <ClInclude Include="C:\Users\Мария\Downloads\Endings (1).h">
      <Filter>Source Files\src\game</Filter>
    </ClInclude>
    <ClInclude Include="C:\Users\Мария\Downloads\DialogueChoice.h">
      <Filter>Source Files\src\game</Filter>
    </ClInclude>
    <ClInclude Include="C:\Users\Мария\Downloads\core_types.h">
      <Filter>Source Files\src</Filter>
    </ClInclude>
    <ClInclude Include="C:\Users\Мария\Downloads\MockUI.h">
      <Filter>Source Files\tests</Filter>
    </ClInclude>
  </ItemGroup>
  <ItemGroup>
    <Text Include="C:\Users\Мария\Downloads\CMakeLists (1).txt">
      <Filter>Source Files\tests</Filter>
    </Text>
  </ItemGroup>
</Project>